
Microsoft Visual Studio Solution File, Format Version 12.00
# Visual Studio 15
VisualStudioVersion = 15.0.26621.2
MinimumVisualStudioVersion = 10.0.40219.1
Project("{9A19103F-16F7-4668-BE54-9A1E7A4F7556}") = "RemoteShared", "RemoteShared\RemoteShared.csproj", "{C8B24777-B550-4B8A-BA7D-26B568CA546F}"
EndProject
Project("{D954291E-2A0B-460D-934E-DC6B0785DB48}") = "Chattable", "Chattable\Chattable\Chattable.shproj", "{CE8E30D1-CF4C-4272-BF5C-4330BC5B4224}"
EndProject
Project("{FAE04EC0-301F-11D3-BF4B-00C04F79EFBC}") = "Chattable.Android", "Chattable\Chattable.Android\Chattable.Android.csproj", "{E7290DBB-B64F-4755-8529-EB8310CEFED4}"
EndProject
Project("{FAE04EC0-301F-11D3-BF4B-00C04F79EFBC}") = "Chattable.iOS", "Chattable\Chattable.iOS\Chattable.iOS.csproj", "{95B89C23-61AA-49E4-89F6-EB48DD1895A3}"
EndProject
Project("{FAE04EC0-301F-11D3-BF4B-00C04F79EFBC}") = "Chattable.UWP", "Chattable\Chattable.UWP\Chattable.UWP.csproj", "{97B291B9-F12D-46E5-8A20-43CAE29A06C6}"
EndProject
Project("{9A19103F-16F7-4668-BE54-9A1E7A4F7556}") = "ChattableServer", "ServerTest\ChattableServer.csproj", "{74A73843-1DC4-4EA7-948B-D9171E456A22}"
EndProject
Project("{9A19103F-16F7-4668-BE54-9A1E7A4F7556}") = "SharedData", "SharedData\SharedData.csproj", "{110A9841-9306-4066-86E1-7E58E1BF3A25}"
EndProject
Global
	GlobalSection(SharedMSBuildProjectFiles) = preSolution
		Chattable\Chattable\Chattable.projitems*{95b89c23-61aa-49e4-89f6-eb48dd1895a3}*SharedItemsImports = 4
		Chattable\Chattable\Chattable.projitems*{97b291b9-f12d-46e5-8a20-43cae29a06c6}*SharedItemsImports = 4
		Chattable\Chattable\Chattable.projitems*{ce8e30d1-cf4c-4272-bf5c-4330bc5b4224}*SharedItemsImports = 13
		Chattable\Chattable\Chattable.projitems*{e7290dbb-b64f-4755-8529-eb8310cefed4}*SharedItemsImports = 4
	EndGlobalSection
	GlobalSection(SolutionConfigurationPlatforms) = preSolution
		Ad-Hoc|Any CPU = Ad-Hoc|Any CPU
		Ad-Hoc|ARM = Ad-Hoc|ARM
		Ad-Hoc|iPhone = Ad-Hoc|iPhone
		Ad-Hoc|iPhoneSimulator = Ad-Hoc|iPhoneSimulator
		Ad-Hoc|x64 = Ad-Hoc|x64
		Ad-Hoc|x86 = Ad-Hoc|x86
		AppStore|Any CPU = AppStore|Any CPU
		AppStore|ARM = AppStore|ARM
		AppStore|iPhone = AppStore|iPhone
		AppStore|iPhoneSimulator = AppStore|iPhoneSimulator
		AppStore|x64 = AppStore|x64
		AppStore|x86 = AppStore|x86
		Debug|Any CPU = Debug|Any CPU
		Debug|ARM = Debug|ARM
		Debug|iPhone = Debug|iPhone
		Debug|iPhoneSimulator = Debug|iPhoneSimulator
		Debug|x64 = Debug|x64
		Debug|x86 = Debug|x86
		Release|Any CPU = Release|Any CPU
		Release|ARM = Release|ARM
		Release|iPhone = Release|iPhone
		Release|iPhoneSimulator = Release|iPhoneSimulator
		Release|x64 = Release|x64
		Release|x86 = Release|x86
	EndGlobalSection
	GlobalSection(ProjectConfigurationPlatforms) = postSolution
		{C8B24777-B550-4B8A-BA7D-26B568CA546F}.Ad-Hoc|Any CPU.ActiveCfg = Release|Any CPU
		{C8B24777-B550-4B8A-BA7D-26B568CA546F}.Ad-Hoc|Any CPU.Build.0 = Release|Any CPU
		{C8B24777-B550-4B8A-BA7D-26B568CA546F}.Ad-Hoc|ARM.ActiveCfg = Release|Any CPU
		{C8B24777-B550-4B8A-BA7D-26B568CA546F}.Ad-Hoc|ARM.Build.0 = Release|Any CPU
		{C8B24777-B550-4B8A-BA7D-26B568CA546F}.Ad-Hoc|iPhone.ActiveCfg = Release|Any CPU
		{C8B24777-B550-4B8A-BA7D-26B568CA546F}.Ad-Hoc|iPhone.Build.0 = Release|Any CPU
		{C8B24777-B550-4B8A-BA7D-26B568CA546F}.Ad-Hoc|iPhoneSimulator.ActiveCfg = Release|Any CPU
		{C8B24777-B550-4B8A-BA7D-26B568CA546F}.Ad-Hoc|iPhoneSimulator.Build.0 = Release|Any CPU
		{C8B24777-B550-4B8A-BA7D-26B568CA546F}.Ad-Hoc|x64.ActiveCfg = Release|Any CPU
		{C8B24777-B550-4B8A-BA7D-26B568CA546F}.Ad-Hoc|x64.Build.0 = Release|Any CPU
		{C8B24777-B550-4B8A-BA7D-26B568CA546F}.Ad-Hoc|x86.ActiveCfg = Release|Any CPU
		{C8B24777-B550-4B8A-BA7D-26B568CA546F}.Ad-Hoc|x86.Build.0 = Release|Any CPU
		{C8B24777-B550-4B8A-BA7D-26B568CA546F}.AppStore|Any CPU.ActiveCfg = Release|Any CPU
		{C8B24777-B550-4B8A-BA7D-26B568CA546F}.AppStore|Any CPU.Build.0 = Release|Any CPU
		{C8B24777-B550-4B8A-BA7D-26B568CA546F}.AppStore|ARM.ActiveCfg = Release|Any CPU
		{C8B24777-B550-4B8A-BA7D-26B568CA546F}.AppStore|ARM.Build.0 = Release|Any CPU
		{C8B24777-B550-4B8A-BA7D-26B568CA546F}.AppStore|iPhone.ActiveCfg = Release|Any CPU
		{C8B24777-B550-4B8A-BA7D-26B568CA546F}.AppStore|iPhone.Build.0 = Release|Any CPU
		{C8B24777-B550-4B8A-BA7D-26B568CA546F}.AppStore|iPhoneSimulator.ActiveCfg = Release|Any CPU
		{C8B24777-B550-4B8A-BA7D-26B568CA546F}.AppStore|iPhoneSimulator.Build.0 = Release|Any CPU
		{C8B24777-B550-4B8A-BA7D-26B568CA546F}.AppStore|x64.ActiveCfg = Release|Any CPU
		{C8B24777-B550-4B8A-BA7D-26B568CA546F}.AppStore|x64.Build.0 = Release|Any CPU
		{C8B24777-B550-4B8A-BA7D-26B568CA546F}.AppStore|x86.ActiveCfg = Release|Any CPU
		{C8B24777-B550-4B8A-BA7D-26B568CA546F}.AppStore|x86.Build.0 = Release|Any CPU
		{C8B24777-B550-4B8A-BA7D-26B568CA546F}.Debug|Any CPU.ActiveCfg = Debug|Any CPU
		{C8B24777-B550-4B8A-BA7D-26B568CA546F}.Debug|Any CPU.Build.0 = Debug|Any CPU
		{C8B24777-B550-4B8A-BA7D-26B568CA546F}.Debug|ARM.ActiveCfg = Debug|Any CPU
		{C8B24777-B550-4B8A-BA7D-26B568CA546F}.Debug|ARM.Build.0 = Debug|Any CPU
		{C8B24777-B550-4B8A-BA7D-26B568CA546F}.Debug|iPhone.ActiveCfg = Debug|Any CPU
		{C8B24777-B550-4B8A-BA7D-26B568CA546F}.Debug|iPhone.Build.0 = Debug|Any CPU
		{C8B24777-B550-4B8A-BA7D-26B568CA546F}.Debug|iPhoneSimulator.ActiveCfg = Debug|Any CPU
		{C8B24777-B550-4B8A-BA7D-26B568CA546F}.Debug|iPhoneSimulator.Build.0 = Debug|Any CPU
		{C8B24777-B550-4B8A-BA7D-26B568CA546F}.Debug|x64.ActiveCfg = Debug|Any CPU
		{C8B24777-B550-4B8A-BA7D-26B568CA546F}.Debug|x64.Build.0 = Debug|Any CPU
		{C8B24777-B550-4B8A-BA7D-26B568CA546F}.Debug|x86.ActiveCfg = Debug|Any CPU
		{C8B24777-B550-4B8A-BA7D-26B568CA546F}.Debug|x86.Build.0 = Debug|Any CPU
		{C8B24777-B550-4B8A-BA7D-26B568CA546F}.Release|Any CPU.ActiveCfg = Release|Any CPU
		{C8B24777-B550-4B8A-BA7D-26B568CA546F}.Release|Any CPU.Build.0 = Release|Any CPU
		{C8B24777-B550-4B8A-BA7D-26B568CA546F}.Release|ARM.ActiveCfg = Release|Any CPU
		{C8B24777-B550-4B8A-BA7D-26B568CA546F}.Release|ARM.Build.0 = Release|Any CPU
		{C8B24777-B550-4B8A-BA7D-26B568CA546F}.Release|iPhone.ActiveCfg = Release|Any CPU
		{C8B24777-B550-4B8A-BA7D-26B568CA546F}.Release|iPhone.Build.0 = Release|Any CPU
		{C8B24777-B550-4B8A-BA7D-26B568CA546F}.Release|iPhoneSimulator.ActiveCfg = Release|Any CPU
		{C8B24777-B550-4B8A-BA7D-26B568CA546F}.Release|iPhoneSimulator.Build.0 = Release|Any CPU
		{C8B24777-B550-4B8A-BA7D-26B568CA546F}.Release|x64.ActiveCfg = Release|Any CPU
		{C8B24777-B550-4B8A-BA7D-26B568CA546F}.Release|x64.Build.0 = Release|Any CPU
		{C8B24777-B550-4B8A-BA7D-26B568CA546F}.Release|x86.ActiveCfg = Release|Any CPU
		{C8B24777-B550-4B8A-BA7D-26B568CA546F}.Release|x86.Build.0 = Release|Any CPU
		{E7290DBB-B64F-4755-8529-EB8310CEFED4}.Ad-Hoc|Any CPU.ActiveCfg = Release|Any CPU
		{E7290DBB-B64F-4755-8529-EB8310CEFED4}.Ad-Hoc|Any CPU.Build.0 = Release|Any CPU
		{E7290DBB-B64F-4755-8529-EB8310CEFED4}.Ad-Hoc|Any CPU.Deploy.0 = Release|Any CPU
		{E7290DBB-B64F-4755-8529-EB8310CEFED4}.Ad-Hoc|ARM.ActiveCfg = Release|Any CPU
		{E7290DBB-B64F-4755-8529-EB8310CEFED4}.Ad-Hoc|ARM.Build.0 = Release|Any CPU
		{E7290DBB-B64F-4755-8529-EB8310CEFED4}.Ad-Hoc|ARM.Deploy.0 = Release|Any CPU
		{E7290DBB-B64F-4755-8529-EB8310CEFED4}.Ad-Hoc|iPhone.ActiveCfg = Release|Any CPU
		{E7290DBB-B64F-4755-8529-EB8310CEFED4}.Ad-Hoc|iPhone.Build.0 = Release|Any CPU
		{E7290DBB-B64F-4755-8529-EB8310CEFED4}.Ad-Hoc|iPhone.Deploy.0 = Release|Any CPU
		{E7290DBB-B64F-4755-8529-EB8310CEFED4}.Ad-Hoc|iPhoneSimulator.ActiveCfg = Release|Any CPU
		{E7290DBB-B64F-4755-8529-EB8310CEFED4}.Ad-Hoc|iPhoneSimulator.Build.0 = Release|Any CPU
		{E7290DBB-B64F-4755-8529-EB8310CEFED4}.Ad-Hoc|iPhoneSimulator.Deploy.0 = Release|Any CPU
		{E7290DBB-B64F-4755-8529-EB8310CEFED4}.Ad-Hoc|x64.ActiveCfg = Release|Any CPU
		{E7290DBB-B64F-4755-8529-EB8310CEFED4}.Ad-Hoc|x64.Build.0 = Release|Any CPU
		{E7290DBB-B64F-4755-8529-EB8310CEFED4}.Ad-Hoc|x64.Deploy.0 = Release|Any CPU
		{E7290DBB-B64F-4755-8529-EB8310CEFED4}.Ad-Hoc|x86.ActiveCfg = Release|Any CPU
		{E7290DBB-B64F-4755-8529-EB8310CEFED4}.Ad-Hoc|x86.Build.0 = Release|Any CPU
		{E7290DBB-B64F-4755-8529-EB8310CEFED4}.Ad-Hoc|x86.Deploy.0 = Release|Any CPU
		{E7290DBB-B64F-4755-8529-EB8310CEFED4}.AppStore|Any CPU.ActiveCfg = Release|Any CPU
		{E7290DBB-B64F-4755-8529-EB8310CEFED4}.AppStore|Any CPU.Build.0 = Release|Any CPU
		{E7290DBB-B64F-4755-8529-EB8310CEFED4}.AppStore|Any CPU.Deploy.0 = Release|Any CPU
		{E7290DBB-B64F-4755-8529-EB8310CEFED4}.AppStore|ARM.ActiveCfg = Release|Any CPU
		{E7290DBB-B64F-4755-8529-EB8310CEFED4}.AppStore|ARM.Build.0 = Release|Any CPU
		{E7290DBB-B64F-4755-8529-EB8310CEFED4}.AppStore|ARM.Deploy.0 = Release|Any CPU
		{E7290DBB-B64F-4755-8529-EB8310CEFED4}.AppStore|iPhone.ActiveCfg = Release|Any CPU
		{E7290DBB-B64F-4755-8529-EB8310CEFED4}.AppStore|iPhone.Build.0 = Release|Any CPU
		{E7290DBB-B64F-4755-8529-EB8310CEFED4}.AppStore|iPhone.Deploy.0 = Release|Any CPU
		{E7290DBB-B64F-4755-8529-EB8310CEFED4}.AppStore|iPhoneSimulator.ActiveCfg = Release|Any CPU
		{E7290DBB-B64F-4755-8529-EB8310CEFED4}.AppStore|iPhoneSimulator.Build.0 = Release|Any CPU
		{E7290DBB-B64F-4755-8529-EB8310CEFED4}.AppStore|iPhoneSimulator.Deploy.0 = Release|Any CPU
		{E7290DBB-B64F-4755-8529-EB8310CEFED4}.AppStore|x64.ActiveCfg = Release|Any CPU
		{E7290DBB-B64F-4755-8529-EB8310CEFED4}.AppStore|x64.Build.0 = Release|Any CPU
		{E7290DBB-B64F-4755-8529-EB8310CEFED4}.AppStore|x64.Deploy.0 = Release|Any CPU
		{E7290DBB-B64F-4755-8529-EB8310CEFED4}.AppStore|x86.ActiveCfg = Release|Any CPU
		{E7290DBB-B64F-4755-8529-EB8310CEFED4}.AppStore|x86.Build.0 = Release|Any CPU
		{E7290DBB-B64F-4755-8529-EB8310CEFED4}.AppStore|x86.Deploy.0 = Release|Any CPU
		{E7290DBB-B64F-4755-8529-EB8310CEFED4}.Debug|Any CPU.ActiveCfg = Debug|Any CPU
		{E7290DBB-B64F-4755-8529-EB8310CEFED4}.Debug|Any CPU.Build.0 = Debug|Any CPU
		{E7290DBB-B64F-4755-8529-EB8310CEFED4}.Debug|Any CPU.Deploy.0 = Debug|Any CPU
		{E7290DBB-B64F-4755-8529-EB8310CEFED4}.Debug|ARM.ActiveCfg = Debug|Any CPU
		{E7290DBB-B64F-4755-8529-EB8310CEFED4}.Debug|ARM.Build.0 = Debug|Any CPU
		{E7290DBB-B64F-4755-8529-EB8310CEFED4}.Debug|ARM.Deploy.0 = Debug|Any CPU
		{E7290DBB-B64F-4755-8529-EB8310CEFED4}.Debug|iPhone.ActiveCfg = Debug|Any CPU
		{E7290DBB-B64F-4755-8529-EB8310CEFED4}.Debug|iPhone.Build.0 = Debug|Any CPU
		{E7290DBB-B64F-4755-8529-EB8310CEFED4}.Debug|iPhone.Deploy.0 = Debug|Any CPU
		{E7290DBB-B64F-4755-8529-EB8310CEFED4}.Debug|iPhoneSimulator.ActiveCfg = Debug|Any CPU
		{E7290DBB-B64F-4755-8529-EB8310CEFED4}.Debug|iPhoneSimulator.Build.0 = Debug|Any CPU
		{E7290DBB-B64F-4755-8529-EB8310CEFED4}.Debug|iPhoneSimulator.Deploy.0 = Debug|Any CPU
		{E7290DBB-B64F-4755-8529-EB8310CEFED4}.Debug|x64.ActiveCfg = Debug|Any CPU
		{E7290DBB-B64F-4755-8529-EB8310CEFED4}.Debug|x64.Build.0 = Debug|Any CPU
		{E7290DBB-B64F-4755-8529-EB8310CEFED4}.Debug|x64.Deploy.0 = Debug|Any CPU
		{E7290DBB-B64F-4755-8529-EB8310CEFED4}.Debug|x86.ActiveCfg = Debug|Any CPU
		{E7290DBB-B64F-4755-8529-EB8310CEFED4}.Debug|x86.Build.0 = Debug|Any CPU
		{E7290DBB-B64F-4755-8529-EB8310CEFED4}.Debug|x86.Deploy.0 = Debug|Any CPU
		{E7290DBB-B64F-4755-8529-EB8310CEFED4}.Release|Any CPU.ActiveCfg = Release|Any CPU
		{E7290DBB-B64F-4755-8529-EB8310CEFED4}.Release|Any CPU.Build.0 = Release|Any CPU
		{E7290DBB-B64F-4755-8529-EB8310CEFED4}.Release|Any CPU.Deploy.0 = Release|Any CPU
		{E7290DBB-B64F-4755-8529-EB8310CEFED4}.Release|ARM.ActiveCfg = Release|Any CPU
		{E7290DBB-B64F-4755-8529-EB8310CEFED4}.Release|ARM.Build.0 = Release|Any CPU
		{E7290DBB-B64F-4755-8529-EB8310CEFED4}.Release|ARM.Deploy.0 = Release|Any CPU
		{E7290DBB-B64F-4755-8529-EB8310CEFED4}.Release|iPhone.ActiveCfg = Release|Any CPU
		{E7290DBB-B64F-4755-8529-EB8310CEFED4}.Release|iPhone.Build.0 = Release|Any CPU
		{E7290DBB-B64F-4755-8529-EB8310CEFED4}.Release|iPhone.Deploy.0 = Release|Any CPU
		{E7290DBB-B64F-4755-8529-EB8310CEFED4}.Release|iPhoneSimulator.ActiveCfg = Release|Any CPU
		{E7290DBB-B64F-4755-8529-EB8310CEFED4}.Release|iPhoneSimulator.Build.0 = Release|Any CPU
		{E7290DBB-B64F-4755-8529-EB8310CEFED4}.Release|iPhoneSimulator.Deploy.0 = Release|Any CPU
		{E7290DBB-B64F-4755-8529-EB8310CEFED4}.Release|x64.ActiveCfg = Release|Any CPU
		{E7290DBB-B64F-4755-8529-EB8310CEFED4}.Release|x64.Build.0 = Release|Any CPU
		{E7290DBB-B64F-4755-8529-EB8310CEFED4}.Release|x64.Deploy.0 = Release|Any CPU
		{E7290DBB-B64F-4755-8529-EB8310CEFED4}.Release|x86.ActiveCfg = Release|Any CPU
		{E7290DBB-B64F-4755-8529-EB8310CEFED4}.Release|x86.Build.0 = Release|Any CPU
		{E7290DBB-B64F-4755-8529-EB8310CEFED4}.Release|x86.Deploy.0 = Release|Any CPU
		{95B89C23-61AA-49E4-89F6-EB48DD1895A3}.Ad-Hoc|Any CPU.ActiveCfg = Ad-Hoc|iPhone
		{95B89C23-61AA-49E4-89F6-EB48DD1895A3}.Ad-Hoc|ARM.ActiveCfg = Ad-Hoc|iPhone
		{95B89C23-61AA-49E4-89F6-EB48DD1895A3}.Ad-Hoc|iPhone.ActiveCfg = Ad-Hoc|iPhone
		{95B89C23-61AA-49E4-89F6-EB48DD1895A3}.Ad-Hoc|iPhone.Build.0 = Ad-Hoc|iPhone
		{95B89C23-61AA-49E4-89F6-EB48DD1895A3}.Ad-Hoc|iPhoneSimulator.ActiveCfg = Ad-Hoc|iPhoneSimulator
		{95B89C23-61AA-49E4-89F6-EB48DD1895A3}.Ad-Hoc|iPhoneSimulator.Build.0 = Ad-Hoc|iPhoneSimulator
		{95B89C23-61AA-49E4-89F6-EB48DD1895A3}.Ad-Hoc|x64.ActiveCfg = Ad-Hoc|iPhone
		{95B89C23-61AA-49E4-89F6-EB48DD1895A3}.Ad-Hoc|x86.ActiveCfg = Ad-Hoc|iPhone
		{95B89C23-61AA-49E4-89F6-EB48DD1895A3}.AppStore|Any CPU.ActiveCfg = AppStore|iPhone
		{95B89C23-61AA-49E4-89F6-EB48DD1895A3}.AppStore|ARM.ActiveCfg = AppStore|iPhone
		{95B89C23-61AA-49E4-89F6-EB48DD1895A3}.AppStore|iPhone.ActiveCfg = AppStore|iPhone
		{95B89C23-61AA-49E4-89F6-EB48DD1895A3}.AppStore|iPhone.Build.0 = AppStore|iPhone
		{95B89C23-61AA-49E4-89F6-EB48DD1895A3}.AppStore|iPhoneSimulator.ActiveCfg = AppStore|iPhoneSimulator
		{95B89C23-61AA-49E4-89F6-EB48DD1895A3}.AppStore|iPhoneSimulator.Build.0 = AppStore|iPhoneSimulator
		{95B89C23-61AA-49E4-89F6-EB48DD1895A3}.AppStore|x64.ActiveCfg = AppStore|iPhone
		{95B89C23-61AA-49E4-89F6-EB48DD1895A3}.AppStore|x86.ActiveCfg = AppStore|iPhone
		{95B89C23-61AA-49E4-89F6-EB48DD1895A3}.Debug|Any CPU.ActiveCfg = Debug|iPhone
		{95B89C23-61AA-49E4-89F6-EB48DD1895A3}.Debug|ARM.ActiveCfg = Debug|iPhone
		{95B89C23-61AA-49E4-89F6-EB48DD1895A3}.Debug|iPhone.ActiveCfg = Debug|iPhone
		{95B89C23-61AA-49E4-89F6-EB48DD1895A3}.Debug|iPhone.Build.0 = Debug|iPhone
		{95B89C23-61AA-49E4-89F6-EB48DD1895A3}.Debug|iPhoneSimulator.ActiveCfg = Debug|iPhoneSimulator
		{95B89C23-61AA-49E4-89F6-EB48DD1895A3}.Debug|iPhoneSimulator.Build.0 = Debug|iPhoneSimulator
		{95B89C23-61AA-49E4-89F6-EB48DD1895A3}.Debug|x64.ActiveCfg = Debug|iPhone
		{95B89C23-61AA-49E4-89F6-EB48DD1895A3}.Debug|x86.ActiveCfg = Debug|iPhone
		{95B89C23-61AA-49E4-89F6-EB48DD1895A3}.Release|Any CPU.ActiveCfg = Release|iPhone
		{95B89C23-61AA-49E4-89F6-EB48DD1895A3}.Release|ARM.ActiveCfg = Release|iPhone
		{95B89C23-61AA-49E4-89F6-EB48DD1895A3}.Release|iPhone.ActiveCfg = Release|iPhone
		{95B89C23-61AA-49E4-89F6-EB48DD1895A3}.Release|iPhone.Build.0 = Release|iPhone
		{95B89C23-61AA-49E4-89F6-EB48DD1895A3}.Release|iPhoneSimulator.ActiveCfg = Release|iPhoneSimulator
		{95B89C23-61AA-49E4-89F6-EB48DD1895A3}.Release|iPhoneSimulator.Build.0 = Release|iPhoneSimulator
		{95B89C23-61AA-49E4-89F6-EB48DD1895A3}.Release|x64.ActiveCfg = Release|iPhone
		{95B89C23-61AA-49E4-89F6-EB48DD1895A3}.Release|x86.ActiveCfg = Release|iPhone
		{97B291B9-F12D-46E5-8A20-43CAE29A06C6}.Ad-Hoc|Any CPU.ActiveCfg = Release|x86
		{97B291B9-F12D-46E5-8A20-43CAE29A06C6}.Ad-Hoc|Any CPU.Build.0 = Release|x86
		{97B291B9-F12D-46E5-8A20-43CAE29A06C6}.Ad-Hoc|Any CPU.Deploy.0 = Release|x86
		{97B291B9-F12D-46E5-8A20-43CAE29A06C6}.Ad-Hoc|ARM.ActiveCfg = Release|ARM
		{97B291B9-F12D-46E5-8A20-43CAE29A06C6}.Ad-Hoc|ARM.Build.0 = Release|ARM
		{97B291B9-F12D-46E5-8A20-43CAE29A06C6}.Ad-Hoc|ARM.Deploy.0 = Release|ARM
		{97B291B9-F12D-46E5-8A20-43CAE29A06C6}.Ad-Hoc|iPhone.ActiveCfg = Release|x86
		{97B291B9-F12D-46E5-8A20-43CAE29A06C6}.Ad-Hoc|iPhone.Build.0 = Release|x86
		{97B291B9-F12D-46E5-8A20-43CAE29A06C6}.Ad-Hoc|iPhone.Deploy.0 = Release|x86
		{97B291B9-F12D-46E5-8A20-43CAE29A06C6}.Ad-Hoc|iPhoneSimulator.ActiveCfg = Release|x86
		{97B291B9-F12D-46E5-8A20-43CAE29A06C6}.Ad-Hoc|iPhoneSimulator.Build.0 = Release|x86
		{97B291B9-F12D-46E5-8A20-43CAE29A06C6}.Ad-Hoc|iPhoneSimulator.Deploy.0 = Release|x86
		{97B291B9-F12D-46E5-8A20-43CAE29A06C6}.Ad-Hoc|x64.ActiveCfg = Release|x64
		{97B291B9-F12D-46E5-8A20-43CAE29A06C6}.Ad-Hoc|x64.Build.0 = Release|x64
		{97B291B9-F12D-46E5-8A20-43CAE29A06C6}.Ad-Hoc|x64.Deploy.0 = Release|x64
		{97B291B9-F12D-46E5-8A20-43CAE29A06C6}.Ad-Hoc|x86.ActiveCfg = Release|x86
		{97B291B9-F12D-46E5-8A20-43CAE29A06C6}.Ad-Hoc|x86.Build.0 = Release|x86
		{97B291B9-F12D-46E5-8A20-43CAE29A06C6}.Ad-Hoc|x86.Deploy.0 = Release|x86
		{97B291B9-F12D-46E5-8A20-43CAE29A06C6}.AppStore|Any CPU.ActiveCfg = Release|x86
		{97B291B9-F12D-46E5-8A20-43CAE29A06C6}.AppStore|Any CPU.Build.0 = Release|x86
		{97B291B9-F12D-46E5-8A20-43CAE29A06C6}.AppStore|Any CPU.Deploy.0 = Release|x86
		{97B291B9-F12D-46E5-8A20-43CAE29A06C6}.AppStore|ARM.ActiveCfg = Release|ARM
		{97B291B9-F12D-46E5-8A20-43CAE29A06C6}.AppStore|ARM.Build.0 = Release|ARM
		{97B291B9-F12D-46E5-8A20-43CAE29A06C6}.AppStore|ARM.Deploy.0 = Release|ARM
		{97B291B9-F12D-46E5-8A20-43CAE29A06C6}.AppStore|iPhone.ActiveCfg = Release|x86
		{97B291B9-F12D-46E5-8A20-43CAE29A06C6}.AppStore|iPhone.Build.0 = Release|x86
		{97B291B9-F12D-46E5-8A20-43CAE29A06C6}.AppStore|iPhone.Deploy.0 = Release|x86
		{97B291B9-F12D-46E5-8A20-43CAE29A06C6}.AppStore|iPhoneSimulator.ActiveCfg = Release|x86
		{97B291B9-F12D-46E5-8A20-43CAE29A06C6}.AppStore|iPhoneSimulator.Build.0 = Release|x86
		{97B291B9-F12D-46E5-8A20-43CAE29A06C6}.AppStore|iPhoneSimulator.Deploy.0 = Release|x86
		{97B291B9-F12D-46E5-8A20-43CAE29A06C6}.AppStore|x64.ActiveCfg = Release|x64
		{97B291B9-F12D-46E5-8A20-43CAE29A06C6}.AppStore|x64.Build.0 = Release|x64
		{97B291B9-F12D-46E5-8A20-43CAE29A06C6}.AppStore|x64.Deploy.0 = Release|x64
		{97B291B9-F12D-46E5-8A20-43CAE29A06C6}.AppStore|x86.ActiveCfg = Release|x86
		{97B291B9-F12D-46E5-8A20-43CAE29A06C6}.AppStore|x86.Build.0 = Release|x86
		{97B291B9-F12D-46E5-8A20-43CAE29A06C6}.AppStore|x86.Deploy.0 = Release|x86
		{97B291B9-F12D-46E5-8A20-43CAE29A06C6}.Debug|Any CPU.ActiveCfg = Debug|x86
		{97B291B9-F12D-46E5-8A20-43CAE29A06C6}.Debug|ARM.ActiveCfg = Debug|ARM
		{97B291B9-F12D-46E5-8A20-43CAE29A06C6}.Debug|ARM.Build.0 = Debug|ARM
		{97B291B9-F12D-46E5-8A20-43CAE29A06C6}.Debug|ARM.Deploy.0 = Debug|ARM
		{97B291B9-F12D-46E5-8A20-43CAE29A06C6}.Debug|iPhone.ActiveCfg = Debug|x86
		{97B291B9-F12D-46E5-8A20-43CAE29A06C6}.Debug|iPhoneSimulator.ActiveCfg = Debug|x86
		{97B291B9-F12D-46E5-8A20-43CAE29A06C6}.Debug|x64.ActiveCfg = Debug|x64
		{97B291B9-F12D-46E5-8A20-43CAE29A06C6}.Debug|x64.Build.0 = Debug|x64
		{97B291B9-F12D-46E5-8A20-43CAE29A06C6}.Debug|x64.Deploy.0 = Debug|x64
		{97B291B9-F12D-46E5-8A20-43CAE29A06C6}.Debug|x86.ActiveCfg = Debug|x86
		{97B291B9-F12D-46E5-8A20-43CAE29A06C6}.Debug|x86.Build.0 = Debug|x86
		{97B291B9-F12D-46E5-8A20-43CAE29A06C6}.Debug|x86.Deploy.0 = Debug|x86
		{97B291B9-F12D-46E5-8A20-43CAE29A06C6}.Release|Any CPU.ActiveCfg = Release|x86
		{97B291B9-F12D-46E5-8A20-43CAE29A06C6}.Release|ARM.ActiveCfg = Release|ARM
		{97B291B9-F12D-46E5-8A20-43CAE29A06C6}.Release|ARM.Build.0 = Release|ARM
		{97B291B9-F12D-46E5-8A20-43CAE29A06C6}.Release|ARM.Deploy.0 = Release|ARM
		{97B291B9-F12D-46E5-8A20-43CAE29A06C6}.Release|iPhone.ActiveCfg = Release|x86
		{97B291B9-F12D-46E5-8A20-43CAE29A06C6}.Release|iPhoneSimulator.ActiveCfg = Release|x86
		{97B291B9-F12D-46E5-8A20-43CAE29A06C6}.Release|x64.ActiveCfg = Release|x64
		{97B291B9-F12D-46E5-8A20-43CAE29A06C6}.Release|x64.Build.0 = Release|x64
		{97B291B9-F12D-46E5-8A20-43CAE29A06C6}.Release|x64.Deploy.0 = Release|x64
		{97B291B9-F12D-46E5-8A20-43CAE29A06C6}.Release|x86.ActiveCfg = Release|x86
		{97B291B9-F12D-46E5-8A20-43CAE29A06C6}.Release|x86.Build.0 = Release|x86
		{97B291B9-F12D-46E5-8A20-43CAE29A06C6}.Release|x86.Deploy.0 = Release|x86
		{74A73843-1DC4-4EA7-948B-D9171E456A22}.Ad-Hoc|Any CPU.ActiveCfg = Debug|Any CPU
		{74A73843-1DC4-4EA7-948B-D9171E456A22}.Ad-Hoc|Any CPU.Build.0 = Debug|Any CPU
		{74A73843-1DC4-4EA7-948B-D9171E456A22}.Ad-Hoc|ARM.ActiveCfg = Debug|Any CPU
		{74A73843-1DC4-4EA7-948B-D9171E456A22}.Ad-Hoc|ARM.Build.0 = Debug|Any CPU
		{74A73843-1DC4-4EA7-948B-D9171E456A22}.Ad-Hoc|iPhone.ActiveCfg = Debug|Any CPU
		{74A73843-1DC4-4EA7-948B-D9171E456A22}.Ad-Hoc|iPhone.Build.0 = Debug|Any CPU
		{74A73843-1DC4-4EA7-948B-D9171E456A22}.Ad-Hoc|iPhoneSimulator.ActiveCfg = Debug|Any CPU
		{74A73843-1DC4-4EA7-948B-D9171E456A22}.Ad-Hoc|iPhoneSimulator.Build.0 = Debug|Any CPU
		{74A73843-1DC4-4EA7-948B-D9171E456A22}.Ad-Hoc|x64.ActiveCfg = Debug|Any CPU
		{74A73843-1DC4-4EA7-948B-D9171E456A22}.Ad-Hoc|x64.Build.0 = Debug|Any CPU
		{74A73843-1DC4-4EA7-948B-D9171E456A22}.Ad-Hoc|x86.ActiveCfg = Debug|Any CPU
		{74A73843-1DC4-4EA7-948B-D9171E456A22}.Ad-Hoc|x86.Build.0 = Debug|Any CPU
		{74A73843-1DC4-4EA7-948B-D9171E456A22}.AppStore|Any CPU.ActiveCfg = Debug|Any CPU
		{74A73843-1DC4-4EA7-948B-D9171E456A22}.AppStore|Any CPU.Build.0 = Debug|Any CPU
		{74A73843-1DC4-4EA7-948B-D9171E456A22}.AppStore|ARM.ActiveCfg = Debug|Any CPU
		{74A73843-1DC4-4EA7-948B-D9171E456A22}.AppStore|ARM.Build.0 = Debug|Any CPU
		{74A73843-1DC4-4EA7-948B-D9171E456A22}.AppStore|iPhone.ActiveCfg = Debug|Any CPU
		{74A73843-1DC4-4EA7-948B-D9171E456A22}.AppStore|iPhone.Build.0 = Debug|Any CPU
		{74A73843-1DC4-4EA7-948B-D9171E456A22}.AppStore|iPhoneSimulator.ActiveCfg = Debug|Any CPU
		{74A73843-1DC4-4EA7-948B-D9171E456A22}.AppStore|iPhoneSimulator.Build.0 = Debug|Any CPU
		{74A73843-1DC4-4EA7-948B-D9171E456A22}.AppStore|x64.ActiveCfg = Debug|Any CPU
		{74A73843-1DC4-4EA7-948B-D9171E456A22}.AppStore|x64.Build.0 = Debug|Any CPU
		{74A73843-1DC4-4EA7-948B-D9171E456A22}.AppStore|x86.ActiveCfg = Debug|Any CPU
		{74A73843-1DC4-4EA7-948B-D9171E456A22}.AppStore|x86.Build.0 = Debug|Any CPU
		{74A73843-1DC4-4EA7-948B-D9171E456A22}.Debug|Any CPU.ActiveCfg = Debug|Any CPU
		{74A73843-1DC4-4EA7-948B-D9171E456A22}.Debug|Any CPU.Build.0 = Debug|Any CPU
		{74A73843-1DC4-4EA7-948B-D9171E456A22}.Debug|ARM.ActiveCfg = Debug|Any CPU
		{74A73843-1DC4-4EA7-948B-D9171E456A22}.Debug|ARM.Build.0 = Debug|Any CPU
		{74A73843-1DC4-4EA7-948B-D9171E456A22}.Debug|iPhone.ActiveCfg = Debug|Any CPU
		{74A73843-1DC4-4EA7-948B-D9171E456A22}.Debug|iPhone.Build.0 = Debug|Any CPU
		{74A73843-1DC4-4EA7-948B-D9171E456A22}.Debug|iPhoneSimulator.ActiveCfg = Debug|Any CPU
		{74A73843-1DC4-4EA7-948B-D9171E456A22}.Debug|iPhoneSimulator.Build.0 = Debug|Any CPU
		{74A73843-1DC4-4EA7-948B-D9171E456A22}.Debug|x64.ActiveCfg = Debug|Any CPU
		{74A73843-1DC4-4EA7-948B-D9171E456A22}.Debug|x64.Build.0 = Debug|Any CPU
		{74A73843-1DC4-4EA7-948B-D9171E456A22}.Debug|x86.ActiveCfg = Debug|Any CPU
		{74A73843-1DC4-4EA7-948B-D9171E456A22}.Debug|x86.Build.0 = Debug|Any CPU
		{74A73843-1DC4-4EA7-948B-D9171E456A22}.Release|Any CPU.ActiveCfg = Release|Any CPU
		{74A73843-1DC4-4EA7-948B-D9171E456A22}.Release|Any CPU.Build.0 = Release|Any CPU
		{74A73843-1DC4-4EA7-948B-D9171E456A22}.Release|ARM.ActiveCfg = Release|Any CPU
		{74A73843-1DC4-4EA7-948B-D9171E456A22}.Release|ARM.Build.0 = Release|Any CPU
		{74A73843-1DC4-4EA7-948B-D9171E456A22}.Release|iPhone.ActiveCfg = Release|Any CPU
		{74A73843-1DC4-4EA7-948B-D9171E456A22}.Release|iPhone.Build.0 = Release|Any CPU
		{74A73843-1DC4-4EA7-948B-D9171E456A22}.Release|iPhoneSimulator.ActiveCfg = Release|Any CPU
		{74A73843-1DC4-4EA7-948B-D9171E456A22}.Release|iPhoneSimulator.Build.0 = Release|Any CPU
		{74A73843-1DC4-4EA7-948B-D9171E456A22}.Release|x64.ActiveCfg = Release|Any CPU
		{74A73843-1DC4-4EA7-948B-D9171E456A22}.Release|x64.Build.0 = Release|Any CPU
		{74A73843-1DC4-4EA7-948B-D9171E456A22}.Release|x86.ActiveCfg = Release|Any CPU
		{74A73843-1DC4-4EA7-948B-D9171E456A22}.Release|x86.Build.0 = Release|Any CPU
		{110A9841-9306-4066-86E1-7E58E1BF3A25}.Ad-Hoc|Any CPU.ActiveCfg = Debug|Any CPU
		{110A9841-9306-4066-86E1-7E58E1BF3A25}.Ad-Hoc|Any CPU.Build.0 = Debug|Any CPU
		{110A9841-9306-4066-86E1-7E58E1BF3A25}.Ad-Hoc|ARM.ActiveCfg = Debug|Any CPU
		{110A9841-9306-4066-86E1-7E58E1BF3A25}.Ad-Hoc|ARM.Build.0 = Debug|Any CPU
		{110A9841-9306-4066-86E1-7E58E1BF3A25}.Ad-Hoc|iPhone.ActiveCfg = Debug|Any CPU
		{110A9841-9306-4066-86E1-7E58E1BF3A25}.Ad-Hoc|iPhone.Build.0 = Debug|Any CPU
		{110A9841-9306-4066-86E1-7E58E1BF3A25}.Ad-Hoc|iPhoneSimulator.ActiveCfg = Debug|Any CPU
		{110A9841-9306-4066-86E1-7E58E1BF3A25}.Ad-Hoc|iPhoneSimulator.Build.0 = Debug|Any CPU
		{110A9841-9306-4066-86E1-7E58E1BF3A25}.Ad-Hoc|x64.ActiveCfg = Debug|Any CPU
		{110A9841-9306-4066-86E1-7E58E1BF3A25}.Ad-Hoc|x64.Build.0 = Debug|Any CPU
		{110A9841-9306-4066-86E1-7E58E1BF3A25}.Ad-Hoc|x86.ActiveCfg = Debug|Any CPU
		{110A9841-9306-4066-86E1-7E58E1BF3A25}.Ad-Hoc|x86.Build.0 = Debug|Any CPU
		{110A9841-9306-4066-86E1-7E58E1BF3A25}.AppStore|Any CPU.ActiveCfg = Debug|Any CPU
		{110A9841-9306-4066-86E1-7E58E1BF3A25}.AppStore|Any CPU.Build.0 = Debug|Any CPU
		{110A9841-9306-4066-86E1-7E58E1BF3A25}.AppStore|ARM.ActiveCfg = Debug|Any CPU
		{110A9841-9306-4066-86E1-7E58E1BF3A25}.AppStore|ARM.Build.0 = Debug|Any CPU
		{110A9841-9306-4066-86E1-7E58E1BF3A25}.AppStore|iPhone.ActiveCfg = Debug|Any CPU
		{110A9841-9306-4066-86E1-7E58E1BF3A25}.AppStore|iPhone.Build.0 = Debug|Any CPU
		{110A9841-9306-4066-86E1-7E58E1BF3A25}.AppStore|iPhoneSimulator.ActiveCfg = Debug|Any CPU
		{110A9841-9306-4066-86E1-7E58E1BF3A25}.AppStore|iPhoneSimulator.Build.0 = Debug|Any CPU
		{110A9841-9306-4066-86E1-7E58E1BF3A25}.AppStore|x64.ActiveCfg = Debug|Any CPU
		{110A9841-9306-4066-86E1-7E58E1BF3A25}.AppStore|x64.Build.0 = Debug|Any CPU
		{110A9841-9306-4066-86E1-7E58E1BF3A25}.AppStore|x86.ActiveCfg = Debug|Any CPU
		{110A9841-9306-4066-86E1-7E58E1BF3A25}.AppStore|x86.Build.0 = Debug|Any CPU
		{110A9841-9306-4066-86E1-7E58E1BF3A25}.Debug|Any CPU.ActiveCfg = Debug|Any CPU
		{110A9841-9306-4066-86E1-7E58E1BF3A25}.Debug|Any CPU.Build.0 = Debug|Any CPU
		{110A9841-9306-4066-86E1-7E58E1BF3A25}.Debug|ARM.ActiveCfg = Debug|Any CPU
		{110A9841-9306-4066-86E1-7E58E1BF3A25}.Debug|ARM.Build.0 = Debug|Any CPU
		{110A9841-9306-4066-86E1-7E58E1BF3A25}.Debug|iPhone.ActiveCfg = Debug|Any CPU
		{110A9841-9306-4066-86E1-7E58E1BF3A25}.Debug|iPhone.Build.0 = Debug|Any CPU
		{110A9841-9306-4066-86E1-7E58E1BF3A25}.Debug|iPhoneSimulator.ActiveCfg = Debug|Any CPU
		{110A9841-9306-4066-86E1-7E58E1BF3A25}.Debug|iPhoneSimulator.Build.0 = Debug|Any CPU
		{110A9841-9306-4066-86E1-7E58E1BF3A25}.Debug|x64.ActiveCfg = Debug|Any CPU
		{110A9841-9306-4066-86E1-7E58E1BF3A25}.Debug|x64.Build.0 = Debug|Any CPU
		{110A9841-9306-4066-86E1-7E58E1BF3A25}.Debug|x86.ActiveCfg = Debug|Any CPU
		{110A9841-9306-4066-86E1-7E58E1BF3A25}.Debug|x86.Build.0 = Debug|Any CPU
		{110A9841-9306-4066-86E1-7E58E1BF3A25}.Release|Any CPU.ActiveCfg = Release|Any CPU
		{110A9841-9306-4066-86E1-7E58E1BF3A25}.Release|Any CPU.Build.0 = Release|Any CPU
		{110A9841-9306-4066-86E1-7E58E1BF3A25}.Release|ARM.ActiveCfg = Release|Any CPU
		{110A9841-9306-4066-86E1-7E58E1BF3A25}.Release|ARM.Build.0 = Release|Any CPU
		{110A9841-9306-4066-86E1-7E58E1BF3A25}.Release|iPhone.ActiveCfg = Release|Any CPU
		{110A9841-9306-4066-86E1-7E58E1BF3A25}.Release|iPhone.Build.0 = Release|Any CPU
		{110A9841-9306-4066-86E1-7E58E1BF3A25}.Release|iPhoneSimulator.ActiveCfg = Release|Any CPU
		{110A9841-9306-4066-86E1-7E58E1BF3A25}.Release|iPhoneSimulator.Build.0 = Release|Any CPU
		{110A9841-9306-4066-86E1-7E58E1BF3A25}.Release|x64.ActiveCfg = Release|Any CPU
		{110A9841-9306-4066-86E1-7E58E1BF3A25}.Release|x64.Build.0 = Release|Any CPU
		{110A9841-9306-4066-86E1-7E58E1BF3A25}.Release|x86.ActiveCfg = Release|Any CPU
		{110A9841-9306-4066-86E1-7E58E1BF3A25}.Release|x86.Build.0 = Release|Any CPU
	EndGlobalSection
	GlobalSection(SolutionProperties) = preSolution
		HideSolutionNode = FALSE
	EndGlobalSection
	GlobalSection(ExtensibilityGlobals) = postSolution
		SolutionGuid = {E4FE34B1-B6DD-42CF-A8D7-5DA11D138C9B}
	EndGlobalSection
EndGlobal
